
Microsoft Visual Studio Solution File, Format Version 12.00
# Visual Studio 15
VisualStudioVersion = 15.0.28307.136
MinimumVisualStudioVersion = 10.0.40219.1
Project("{FAE04EC0-301F-11D3-BF4B-00C04F79EFBC}") = "Calculator_Project", "Calculator_Project\Calculator_Project.csproj", "{69F26A0D-D469-4F74-B85C-D3461CE74134}"
EndProject
Global
	GlobalSection(SolutionConfigurationPlatforms) = preSolution
		Debug|Any CPU = Debug|Any CPU
		Release|Any CPU = Release|Any CPU
	EndGlobalSection
	GlobalSection(ProjectConfigurationPlatforms) = postSolution
		{69F26A0D-D469-4F74-B85C-D3461CE74134}.Debug|Any CPU.ActiveCfg = Debug|Any CPU
		{69F26A0D-D469-4F74-B85C-D3461CE74134}.Debug|Any CPU.Build.0 = Debug|Any CPU
		{69F26A0D-D469-4F74-B85C-D3461CE74134}.Release|Any CPU.ActiveCfg = Release|Any CPU
		{69F26A0D-D469-4F74-B85C-D3461CE74134}.Release|Any CPU.Build.0 = Release|Any CPU
	EndGlobalSection
	GlobalSection(SolutionProperties) = preSolution
		HideSolutionNode = FALSE
	EndGlobalSection
	GlobalSection(ExtensibilityGlobals) = postSolution
		SolutionGuid = {02468E86-FD41-412B-814B-DDD7A040756C}
	EndGlobalSection
EndGlobal
